
Microsoft Visual Studio Solution File, Format Version 12.00
# Visual Studio 15
Project("{FAE04EC0-301F-11D3-BF4B-00C04F79EFBC}") = "VuforiaScripts", "VuforiaScripts.csproj", "{A2189761-3D39-58EA-63C2-6C1FF4A595E6}"
EndProject
Project("{FAE04EC0-301F-11D3-BF4B-00C04F79EFBC}") = "LeanTouch", "LeanTouch.csproj", "{C9360EB1-5990-99A1-D5DB-39246E199BC9}"
EndProject
Project("{FAE04EC0-301F-11D3-BF4B-00C04F79EFBC}") = "Assembly-CSharp", "Assembly-CSharp.csproj", "{74FBCD69-78E5-E213-614D-AC29D8F81073}"
EndProject
Project("{FAE04EC0-301F-11D3-BF4B-00C04F79EFBC}") = "LeanCommon", "LeanCommon.csproj", "{AC098AED-6ADF-5608-B47A-7A35C30821F1}"
EndProject
Project("{FAE04EC0-301F-11D3-BF4B-00C04F79EFBC}") = "Assembly-CSharp-Editor", "Assembly-CSharp-Editor.csproj", "{5C3A81C2-5848-3134-25DB-6E81487904A0}"
EndProject
Project("{FAE04EC0-301F-11D3-BF4B-00C04F79EFBC}") = "VuforiaEditorScripts", "VuforiaEditorScripts.csproj", "{100F34DC-FC45-B8C2-B4B5-6E2BFB08F793}"
EndProject
Project("{FAE04EC0-301F-11D3-BF4B-00C04F79EFBC}") = "VuforiaVersionCheckerScripts", "VuforiaVersionCheckerScripts.csproj", "{E0465580-AEE0-9F8D-F484-1135060B4CD6}"
EndProject
Global
	GlobalSection(SolutionConfigurationPlatforms) = preSolution
		Debug|Any CPU = Debug|Any CPU
		Release|Any CPU = Release|Any CPU
	EndGlobalSection
	GlobalSection(ProjectConfigurationPlatforms) = postSolution
		{A2189761-3D39-58EA-63C2-6C1FF4A595E6}.Debug|Any CPU.ActiveCfg = Debug|Any CPU
		{A2189761-3D39-58EA-63C2-6C1FF4A595E6}.Debug|Any CPU.Build.0 = Debug|Any CPU
		{A2189761-3D39-58EA-63C2-6C1FF4A595E6}.Release|Any CPU.ActiveCfg = Release|Any CPU
		{A2189761-3D39-58EA-63C2-6C1FF4A595E6}.Release|Any CPU.Build.0 = Release|Any CPU
		{C9360EB1-5990-99A1-D5DB-39246E199BC9}.Debug|Any CPU.ActiveCfg = Debug|Any CPU
		{C9360EB1-5990-99A1-D5DB-39246E199BC9}.Debug|Any CPU.Build.0 = Debug|Any CPU
		{C9360EB1-5990-99A1-D5DB-39246E199BC9}.Release|Any CPU.ActiveCfg = Release|Any CPU
		{C9360EB1-5990-99A1-D5DB-39246E199BC9}.Release|Any CPU.Build.0 = Release|Any CPU
		{74FBCD69-78E5-E213-614D-AC29D8F81073}.Debug|Any CPU.ActiveCfg = Debug|Any CPU
		{74FBCD69-78E5-E213-614D-AC29D8F81073}.Debug|Any CPU.Build.0 = Debug|Any CPU
		{74FBCD69-78E5-E213-614D-AC29D8F81073}.Release|Any CPU.ActiveCfg = Release|Any CPU
		{74FBCD69-78E5-E213-614D-AC29D8F81073}.Release|Any CPU.Build.0 = Release|Any CPU
		{AC098AED-6ADF-5608-B47A-7A35C30821F1}.Debug|Any CPU.ActiveCfg = Debug|Any CPU
		{AC098AED-6ADF-5608-B47A-7A35C30821F1}.Debug|Any CPU.Build.0 = Debug|Any CPU
		{AC098AED-6ADF-5608-B47A-7A35C30821F1}.Release|Any CPU.ActiveCfg = Release|Any CPU
		{AC098AED-6ADF-5608-B47A-7A35C30821F1}.Release|Any CPU.Build.0 = Release|Any CPU
		{5C3A81C2-5848-3134-25DB-6E81487904A0}.Debug|Any CPU.ActiveCfg = Debug|Any CPU
		{5C3A81C2-5848-3134-25DB-6E81487904A0}.Debug|Any CPU.Build.0 = Debug|Any CPU
		{5C3A81C2-5848-3134-25DB-6E81487904A0}.Release|Any CPU.ActiveCfg = Release|Any CPU
		{5C3A81C2-5848-3134-25DB-6E81487904A0}.Release|Any CPU.Build.0 = Release|Any CPU
		{100F34DC-FC45-B8C2-B4B5-6E2BFB08F793}.Debug|Any CPU.ActiveCfg = Debug|Any CPU
		{100F34DC-FC45-B8C2-B4B5-6E2BFB08F793}.Debug|Any CPU.Build.0 = Debug|Any CPU
		{100F34DC-FC45-B8C2-B4B5-6E2BFB08F793}.Release|Any CPU.ActiveCfg = Release|Any CPU
		{100F34DC-FC45-B8C2-B4B5-6E2BFB08F793}.Release|Any CPU.Build.0 = Release|Any CPU
		{E0465580-AEE0-9F8D-F484-1135060B4CD6}.Debug|Any CPU.ActiveCfg = Debug|Any CPU
		{E0465580-AEE0-9F8D-F484-1135060B4CD6}.Debug|Any CPU.Build.0 = Debug|Any CPU
		{E0465580-AEE0-9F8D-F484-1135060B4CD6}.Release|Any CPU.ActiveCfg = Release|Any CPU
		{E0465580-AEE0-9F8D-F484-1135060B4CD6}.Release|Any CPU.Build.0 = Release|Any CPU
	EndGlobalSection
	GlobalSection(SolutionProperties) = preSolution
		HideSolutionNode = FALSE
	EndGlobalSection
EndGlobal
